{
  "requires": true,
  "lockfileVersion": 1,
  "dependencies": {
    "referral-code-generator": {
      "version": "1.0.8",
      "resolved": "https://registry.npmjs.org/referral-code-generator/-/referral-code-generator-1.0.8.tgz",
      "integrity": "sha512-6ue9E7aJmKPyxMx4r5A15aG8K2DkP6uQXtvyKl1/m3XINU7w3dZSkGJlpVhIfPi+X/QbkLYOMqCli3GJZxSkNA=="
    }
  }
}
